{
  "version": "3",
  "packages": {
    "specifiers": {
      "npm:@types/lodash@^4.17.1": "npm:@types/lodash@4.17.7",
      "npm:@types/node@^20.14.2": "npm:@types/node@20.14.10",
      "npm:lodash@^4.17.21": "npm:lodash@4.17.21"
    },
    "npm": {
      "@types/lodash@4.17.7": {
        "integrity": "sha512-8wTvZawATi/lsmNu10/j2hk1KEP0IvjubqPE3cu1Xz7xfXXt5oCq3SNUz4fMIP4XGF9Ky+Ue2tBA3hcS7LSBlA==",
        "dependencies": {}
      },
      "@types/node@20.14.10": {
        "integrity": "sha512-MdiXf+nDuMvY0gJKxyfZ7/6UFsETO7mGKF54MVD/ekJS6HdFtpZFBgrh6Pseu64XTb2MLyFPlbW6hj8HYRQNOQ==",
        "dependencies": {
          "undici-types": "undici-types@5.26.5"
        }
      },
      "lodash@4.17.21": {
        "integrity": "sha512-v2kDEe57lecTulaDIuNTPy3Ry4gLGJ6Z1O3vE1krgXZNrsQ+LFTGHVxVjcXPs17LhbZVGedAJv8XZ1tvj5FvSg==",
        "dependencies": {}
      },
      "undici-types@5.26.5": {
        "integrity": "sha512-JlCMO+ehdEIKqlFxk6IfVoAUVmgz7cU7zD/h9XZ0qzeosSHmUJVOzSQvvYSYWXkFXC+IfLKSIffhv0sVZup6pA==",
        "dependencies": {}
      }
    }
  },
  "remote": {},
  "workspace": {
    "packageJson": {
      "dependencies": [
        "npm:@types/lodash@^4.17.1",
        "npm:@types/node@^20.14.2",
        "npm:lodash@^4.17.21"
      ]
    }
  }
}
